// !$*UTF8*$!
{
	archiveVersion = 1;
	classes = {
	};
	objectVersion = 46;
	objects = {

/* Begin PBXBuildFile section */
		3D8FDEE394646858989F25A5 /* Pods_WeatherFrogPro.framework in Frameworks */ = {isa = PBXBuildFile; fileRef = 7E6F4C9CAAF21E1771EB7323 /* Pods_WeatherFrogPro.framework */; };
		8407D1601E2D6F0B00749488 /* Point+MKAnnotation.swift in Sources */ = {isa = PBXBuildFile; fileRef = 8407D15F1E2D6F0B00749488 /* Point+MKAnnotation.swift */; };
		84377E1A1E426ED000CA0925 /* ForecastCell.swift in Sources */ = {isa = PBXBuildFile; fileRef = 84377E191E426ED000CA0925 /* ForecastCell.swift */; };
		84377E1C1E426FFE00CA0925 /* WeatherView.swift in Sources */ = {isa = PBXBuildFile; fileRef = 84377E1B1E426FFE00CA0925 /* WeatherView.swift */; };
		84425F701E2B62AE0050AA6F /* AppDelegate.swift in Sources */ = {isa = PBXBuildFile; fileRef = 84425F6F1E2B62AE0050AA6F /* AppDelegate.swift */; };
		84425F731E2B62AE0050AA6F /* WeatherFrogPro.xcdatamodeld in Sources */ = {isa = PBXBuildFile; fileRef = 84425F711E2B62AE0050AA6F /* WeatherFrogPro.xcdatamodeld */; };
		84425F7A1E2B62AE0050AA6F /* Main.storyboard in Resources */ = {isa = PBXBuildFile; fileRef = 84425F781E2B62AE0050AA6F /* Main.storyboard */; };
		84425F7C1E2B62AE0050AA6F /* Assets.xcassets in Resources */ = {isa = PBXBuildFile; fileRef = 84425F7B1E2B62AE0050AA6F /* Assets.xcassets */; };
		84425F7F1E2B62AE0050AA6F /* LaunchScreen.storyboard in Resources */ = {isa = PBXBuildFile; fileRef = 84425F7D1E2B62AE0050AA6F /* LaunchScreen.storyboard */; };
		84425F8D1E2B64800050AA6F /* NotificationCenter.framework in Frameworks */ = {isa = PBXBuildFile; fileRef = 84425F8C1E2B64800050AA6F /* NotificationCenter.framework */; };
		84425F901E2B64800050AA6F /* TodayViewController.swift in Sources */ = {isa = PBXBuildFile; fileRef = 84425F8F1E2B64800050AA6F /* TodayViewController.swift */; };
		84425F931E2B64800050AA6F /* MainInterface.storyboard in Resources */ = {isa = PBXBuildFile; fileRef = 84425F911E2B64800050AA6F /* MainInterface.storyboard */; };
		84425F971E2B64800050AA6F /* WeatherToday.appex in Embed App Extensions */ = {isa = PBXBuildFile; fileRef = 84425F8A1E2B64800050AA6F /* WeatherToday.appex */; settings = {ATTRIBUTES = (RemoveHeadersOnCopy, ); }; };
		84425F9D1E2B65EC0050AA6F /* Settings.bundle in Resources */ = {isa = PBXBuildFile; fileRef = 84425F9C1E2B65EC0050AA6F /* Settings.bundle */; };
		84425FA21E2B663E0050AA6F /* MapKit.framework in Frameworks */ = {isa = PBXBuildFile; fileRef = 84425FA11E2B663E0050AA6F /* MapKit.framework */; };
		84425FA61E2B6A730050AA6F /* SplitViewController.swift in Sources */ = {isa = PBXBuildFile; fileRef = 84425FA51E2B6A730050AA6F /* SplitViewController.swift */; };
		84425FAE1E2B6C730050AA6F /* NavigationController.swift in Sources */ = {isa = PBXBuildFile; fileRef = 84425FAD1E2B6C730050AA6F /* NavigationController.swift */; };
		84425FB11E2B6F280050AA6F /* PlacemarksTableController.swift in Sources */ = {isa = PBXBuildFile; fileRef = 84425FB01E2B6F280050AA6F /* PlacemarksTableController.swift */; };
		84425FB31E2B6FDA0050AA6F /* MapViewController.swift in Sources */ = {isa = PBXBuildFile; fileRef = 84425FB21E2B6FDA0050AA6F /* MapViewController.swift */; };
		84425FB51E2B6FED0050AA6F /* SettingsViewController.swift in Sources */ = {isa = PBXBuildFile; fileRef = 84425FB41E2B6FED0050AA6F /* SettingsViewController.swift */; };
		84425FB81E2B70300050AA6F /* WeatherCollectionController.swift in Sources */ = {isa = PBXBuildFile; fileRef = 84425FB71E2B70300050AA6F /* WeatherCollectionController.swift */; };
		84425FBA1E2B705E0050AA6F /* ForecastViewController.swift in Sources */ = {isa = PBXBuildFile; fileRef = 84425FB91E2B705E0050AA6F /* ForecastViewController.swift */; };
		844C4B871E33AD4D00404D66 /* Point+CoreDataClass.swift in Sources */ = {isa = PBXBuildFile; fileRef = 844C4B851E33AD4D00404D66 /* Point+CoreDataClass.swift */; };
		844C4B881E33AD4D00404D66 /* Point+CoreDataProperties.swift in Sources */ = {isa = PBXBuildFile; fileRef = 844C4B861E33AD4D00404D66 /* Point+CoreDataProperties.swift */; };
		847360F41E31567D00D836E2 /* .gitignore in Resources */ = {isa = PBXBuildFile; fileRef = 847360F31E31567D00D836E2 /* .gitignore */; };
		84B82E161E3361A900EAFA7E /* DataManager.swift in Sources */ = {isa = PBXBuildFile; fileRef = 84B82E151E3361A900EAFA7E /* DataManager.swift */; };
		84B82E181E33633D00EAFA7E /* Cache.swift in Sources */ = {isa = PBXBuildFile; fileRef = 84B82E171E33633D00EAFA7E /* Cache.swift */; };
		84CF88021F76502D007FF555 /* CloudKit.framework in Frameworks */ = {isa = PBXBuildFile; fileRef = 84CF88011F76502D007FF555 /* CloudKit.framework */; };
		84CF88031F765075007FF555 /* CloudKit.framework in Frameworks */ = {isa = PBXBuildFile; fileRef = 84CF88011F76502D007FF555 /* CloudKit.framework */; };
		84D4B4AC1E2B9E2D00C8AE45 /* MapSearchTableController.swift in Sources */ = {isa = PBXBuildFile; fileRef = 84D4B4AB1E2B9E2D00C8AE45 /* MapSearchTableController.swift */; };
		84E48D741E2BD873000708D3 /* MapSearchCell.swift in Sources */ = {isa = PBXBuildFile; fileRef = 84E48D721E2BD873000708D3 /* MapSearchCell.swift */; };
		D5F3A3060297478B2C471E5C /* Pods_WeatherToday.framework in Frameworks */ = {isa = PBXBuildFile; fileRef = 8771C638A4CE34A18B709E3E /* Pods_WeatherToday.framework */; };
/* End PBXBuildFile section */

/* Begin PBXContainerItemProxy section */
		84425F951E2B64800050AA6F /* PBXContainerItemProxy */ = {
			isa = PBXContainerItemProxy;
			containerPortal = 84425F641E2B62AD0050AA6F /* Project object */;
			proxyType = 1;
			remoteGlobalIDString = 84425F891E2B64800050AA6F;
			remoteInfo = WeatherToday;
		};
/* End PBXContainerItemProxy section */

/* Begin PBXCopyFilesBuildPhase section */
		84425F9B1E2B64800050AA6F /* Embed App Extensions */ = {
			isa = PBXCopyFilesBuildPhase;
			buildActionMask = 2147483647;
			dstPath = "";
			dstSubfolderSpec = 13;
			files = (
				84425F971E2B64800050AA6F /* WeatherToday.appex in Embed App Extensions */,
			);
			name = "Embed App Extensions";
			runOnlyForDeploymentPostprocessing = 0;
		};
/* End PBXCopyFilesBuildPhase section */

/* Begin PBXFileReference section */
		0D5067FB3540AB8AE31B79AB /* Pods-WeatherToday.release.xcconfig */ = {isa = PBXFileReference; includeInIndex = 1; lastKnownFileType = text.xcconfig; name = "Pods-WeatherToday.release.xcconfig"; path = "Pods/Target Support Files/Pods-WeatherToday/Pods-WeatherToday.release.xcconfig"; sourceTree = "<group>"; };
		650AB7D80AECD06D578C9BFF /* Pods-WeatherFrogPro.release.xcconfig */ = {isa = PBXFileReference; includeInIndex = 1; lastKnownFileType = text.xcconfig; name = "Pods-WeatherFrogPro.release.xcconfig"; path = "Pods/Target Support Files/Pods-WeatherFrogPro/Pods-WeatherFrogPro.release.xcconfig"; sourceTree = "<group>"; };
		68C2157C021C3A6D165AC47C /* Pods-WeatherFrogPro.debug.xcconfig */ = {isa = PBXFileReference; includeInIndex = 1; lastKnownFileType = text.xcconfig; name = "Pods-WeatherFrogPro.debug.xcconfig"; path = "Pods/Target Support Files/Pods-WeatherFrogPro/Pods-WeatherFrogPro.debug.xcconfig"; sourceTree = "<group>"; };
		7E6F4C9CAAF21E1771EB7323 /* Pods_WeatherFrogPro.framework */ = {isa = PBXFileReference; explicitFileType = wrapper.framework; includeInIndex = 0; path = Pods_WeatherFrogPro.framework; sourceTree = BUILT_PRODUCTS_DIR; };
		8407D15F1E2D6F0B00749488 /* Point+MKAnnotation.swift */ = {isa = PBXFileReference; fileEncoding = 4; lastKnownFileType = sourcecode.swift; name = "Point+MKAnnotation.swift"; path = "DataModels/Point+MKAnnotation.swift"; sourceTree = "<group>"; };
		84377E191E426ED000CA0925 /* ForecastCell.swift */ = {isa = PBXFileReference; fileEncoding = 4; lastKnownFileType = sourcecode.swift; name = ForecastCell.swift; path = Content/ForecastCell.swift; sourceTree = "<group>"; };
		84377E1B1E426FFE00CA0925 /* WeatherView.swift */ = {isa = PBXFileReference; fileEncoding = 4; lastKnownFileType = sourcecode.swift; name = WeatherView.swift; path = Content/WeatherView.swift; sourceTree = "<group>"; };
		84425F6C1E2B62AE0050AA6F /* WeatherFrogPro.app */ = {isa = PBXFileReference; explicitFileType = wrapper.application; includeInIndex = 0; path = WeatherFrogPro.app; sourceTree = BUILT_PRODUCTS_DIR; };
		84425F6F1E2B62AE0050AA6F /* AppDelegate.swift */ = {isa = PBXFileReference; lastKnownFileType = sourcecode.swift; path = AppDelegate.swift; sourceTree = "<group>"; };
		84425F721E2B62AE0050AA6F /* WeatherFrogPro.xcdatamodel */ = {isa = PBXFileReference; lastKnownFileType = wrapper.xcdatamodel; path = WeatherFrogPro.xcdatamodel; sourceTree = "<group>"; };
		84425F791E2B62AE0050AA6F /* Base */ = {isa = PBXFileReference; lastKnownFileType = file.storyboard; name = Base; path = Base.lproj/Main.storyboard; sourceTree = "<group>"; };
		84425F7B1E2B62AE0050AA6F /* Assets.xcassets */ = {isa = PBXFileReference; lastKnownFileType = folder.assetcatalog; path = Assets.xcassets; sourceTree = "<group>"; };
		84425F7E1E2B62AE0050AA6F /* Base */ = {isa = PBXFileReference; lastKnownFileType = file.storyboard; name = Base; path = Base.lproj/LaunchScreen.storyboard; sourceTree = "<group>"; };
		84425F8A1E2B64800050AA6F /* WeatherToday.appex */ = {isa = PBXFileReference; explicitFileType = "wrapper.app-extension"; includeInIndex = 0; path = WeatherToday.appex; sourceTree = BUILT_PRODUCTS_DIR; };
		84425F8C1E2B64800050AA6F /* NotificationCenter.framework */ = {isa = PBXFileReference; lastKnownFileType = wrapper.framework; name = NotificationCenter.framework; path = System/Library/Frameworks/NotificationCenter.framework; sourceTree = SDKROOT; };
		84425F8F1E2B64800050AA6F /* TodayViewController.swift */ = {isa = PBXFileReference; lastKnownFileType = sourcecode.swift; path = TodayViewController.swift; sourceTree = "<group>"; };
		84425F921E2B64800050AA6F /* Base */ = {isa = PBXFileReference; lastKnownFileType = file.storyboard; name = Base; path = Base.lproj/MainInterface.storyboard; sourceTree = "<group>"; };
		84425F941E2B64800050AA6F /* Info.plist */ = {isa = PBXFileReference; lastKnownFileType = text.plist.xml; path = Info.plist; sourceTree = "<group>"; };
		84425F9C1E2B65EC0050AA6F /* Settings.bundle */ = {isa = PBXFileReference; lastKnownFileType = "wrapper.plug-in"; path = Settings.bundle; sourceTree = "<group>"; };
		84425F9E1E2B65FB0050AA6F /* WeatherFrogPro.entitlements */ = {isa = PBXFileReference; lastKnownFileType = text.plist.entitlements; path = WeatherFrogPro.entitlements; sourceTree = "<group>"; };
		84425FA11E2B663E0050AA6F /* MapKit.framework */ = {isa = PBXFileReference; lastKnownFileType = wrapper.framework; name = MapKit.framework; path = System/Library/Frameworks/MapKit.framework; sourceTree = SDKROOT; };
		84425FA31E2B667C0050AA6F /* WeatherToday.entitlements */ = {isa = PBXFileReference; lastKnownFileType = text.plist.entitlements; path = WeatherToday.entitlements; sourceTree = "<group>"; };
		84425FA51E2B6A730050AA6F /* SplitViewController.swift */ = {isa = PBXFileReference; fileEncoding = 4; lastKnownFileType = sourcecode.swift; name = SplitViewController.swift; path = BaseControllers/SplitViewController.swift; sourceTree = "<group>"; };
		84425FAD1E2B6C730050AA6F /* NavigationController.swift */ = {isa = PBXFileReference; fileEncoding = 4; lastKnownFileType = sourcecode.swift; name = NavigationController.swift; path = BaseControllers/NavigationController.swift; sourceTree = "<group>"; };
		84425FB01E2B6F280050AA6F /* PlacemarksTableController.swift */ = {isa = PBXFileReference; fileEncoding = 4; lastKnownFileType = sourcecode.swift; name = PlacemarksTableController.swift; path = Menu/PlacemarksTableController.swift; sourceTree = "<group>"; };
		84425FB21E2B6FDA0050AA6F /* MapViewController.swift */ = {isa = PBXFileReference; fileEncoding = 4; lastKnownFileType = sourcecode.swift; name = MapViewController.swift; path = Menu/MapViewController.swift; sourceTree = "<group>"; };
		84425FB41E2B6FED0050AA6F /* SettingsViewController.swift */ = {isa = PBXFileReference; fileEncoding = 4; lastKnownFileType = sourcecode.swift; name = SettingsViewController.swift; path = Menu/SettingsViewController.swift; sourceTree = "<group>"; };
		84425FB71E2B70300050AA6F /* WeatherCollectionController.swift */ = {isa = PBXFileReference; fileEncoding = 4; lastKnownFileType = sourcecode.swift; name = WeatherCollectionController.swift; path = Content/WeatherCollectionController.swift; sourceTree = "<group>"; };
		84425FB91E2B705E0050AA6F /* ForecastViewController.swift */ = {isa = PBXFileReference; fileEncoding = 4; lastKnownFileType = sourcecode.swift; name = ForecastViewController.swift; path = Content/ForecastViewController.swift; sourceTree = "<group>"; };
		844C4B851E33AD4D00404D66 /* Point+CoreDataClass.swift */ = {isa = PBXFileReference; fileEncoding = 4; lastKnownFileType = sourcecode.swift; name = "Point+CoreDataClass.swift"; path = "DataModels/Point+CoreDataClass.swift"; sourceTree = "<group>"; };
		844C4B861E33AD4D00404D66 /* Point+CoreDataProperties.swift */ = {isa = PBXFileReference; fileEncoding = 4; lastKnownFileType = sourcecode.swift; name = "Point+CoreDataProperties.swift"; path = "DataModels/Point+CoreDataProperties.swift"; sourceTree = "<group>"; };
		84607D851E2B82D3001BC9B0 /* cs */ = {isa = PBXFileReference; lastKnownFileType = text.plist.strings; name = cs; path = cs.lproj/Main.strings; sourceTree = "<group>"; };
		84607D861E2B82D3001BC9B0 /* cs */ = {isa = PBXFileReference; lastKnownFileType = text.plist.strings; name = cs; path = cs.lproj/LaunchScreen.strings; sourceTree = "<group>"; };
		84607D871E2B82D3001BC9B0 /* cs */ = {isa = PBXFileReference; lastKnownFileType = text.plist.strings; name = cs; path = cs.lproj/MainInterface.strings; sourceTree = "<group>"; };
		84607D891E2B82FF001BC9B0 /* en */ = {isa = PBXFileReference; lastKnownFileType = text.plist.strings; name = en; path = en.lproj/Main.strings; sourceTree = "<group>"; };
		84607D8B1E2B830B001BC9B0 /* en */ = {isa = PBXFileReference; lastKnownFileType = text.plist.strings; name = en; path = en.lproj/LaunchScreen.strings; sourceTree = "<group>"; };
		84607D8D1E2B8324001BC9B0 /* en */ = {isa = PBXFileReference; lastKnownFileType = text.plist.strings; name = en; path = en.lproj/MainInterface.strings; sourceTree = "<group>"; };
		84734F901E2E3C6000C6291A /* WeatherFrogPro 2.xcdatamodel */ = {isa = PBXFileReference; lastKnownFileType = wrapper.xcdatamodel; path = "WeatherFrogPro 2.xcdatamodel"; sourceTree = "<group>"; };
		847360F31E31567D00D836E2 /* .gitignore */ = {isa = PBXFileReference; fileEncoding = 4; lastKnownFileType = text; name = .gitignore; path = ../.gitignore; sourceTree = "<group>"; };
		84B82E151E3361A900EAFA7E /* DataManager.swift */ = {isa = PBXFileReference; fileEncoding = 4; lastKnownFileType = sourcecode.swift; path = DataManager.swift; sourceTree = "<group>"; };
		84B82E171E33633D00EAFA7E /* Cache.swift */ = {isa = PBXFileReference; fileEncoding = 4; lastKnownFileType = sourcecode.swift; name = Cache.swift; path = DataModels/Cache.swift; sourceTree = "<group>"; };
		84CF88011F76502D007FF555 /* CloudKit.framework */ = {isa = PBXFileReference; lastKnownFileType = wrapper.framework; name = CloudKit.framework; path = System/Library/Frameworks/CloudKit.framework; sourceTree = SDKROOT; };
		84D4B4A91E2B84E200C8AE45 /* Info.plist */ = {isa = PBXFileReference; fileEncoding = 4; lastKnownFileType = text.plist.xml; path = Info.plist; sourceTree = "<group>"; };
		84D4B4AB1E2B9E2D00C8AE45 /* MapSearchTableController.swift */ = {isa = PBXFileReference; fileEncoding = 4; lastKnownFileType = sourcecode.swift; name = MapSearchTableController.swift; path = Menu/MapSearchTableController.swift; sourceTree = "<group>"; };
		84E48D721E2BD873000708D3 /* MapSearchCell.swift */ = {isa = PBXFileReference; fileEncoding = 4; lastKnownFileType = sourcecode.swift; name = MapSearchCell.swift; path = Menu/MapSearchCell.swift; sourceTree = "<group>"; };
		8771C638A4CE34A18B709E3E /* Pods_WeatherToday.framework */ = {isa = PBXFileReference; explicitFileType = wrapper.framework; includeInIndex = 0; path = Pods_WeatherToday.framework; sourceTree = BUILT_PRODUCTS_DIR; };
		8F990B95FC992820C753F078 /* Pods-WeatherToday.debug.xcconfig */ = {isa = PBXFileReference; includeInIndex = 1; lastKnownFileType = text.xcconfig; name = "Pods-WeatherToday.debug.xcconfig"; path = "Pods/Target Support Files/Pods-WeatherToday/Pods-WeatherToday.debug.xcconfig"; sourceTree = "<group>"; };
/* End PBXFileReference section */

/* Begin PBXFrameworksBuildPhase section */
		84425F691E2B62AD0050AA6F /* Frameworks */ = {
			isa = PBXFrameworksBuildPhase;
			buildActionMask = 2147483647;
			files = (
				84CF88021F76502D007FF555 /* CloudKit.framework in Frameworks */,
				84425FA21E2B663E0050AA6F /* MapKit.framework in Frameworks */,
				3D8FDEE394646858989F25A5 /* Pods_WeatherFrogPro.framework in Frameworks */,
			);
			runOnlyForDeploymentPostprocessing = 0;
		};
		84425F871E2B64800050AA6F /* Frameworks */ = {
			isa = PBXFrameworksBuildPhase;
			buildActionMask = 2147483647;
			files = (
				84CF88031F765075007FF555 /* CloudKit.framework in Frameworks */,
				84425F8D1E2B64800050AA6F /* NotificationCenter.framework in Frameworks */,
				D5F3A3060297478B2C471E5C /* Pods_WeatherToday.framework in Frameworks */,
			);
			runOnlyForDeploymentPostprocessing = 0;
		};
/* End PBXFrameworksBuildPhase section */

/* Begin PBXGroup section */
		8407D15E1E2D6E5F00749488 /* DataModels */ = {
			isa = PBXGroup;
			children = (
				844C4B851E33AD4D00404D66 /* Point+CoreDataClass.swift */,
				844C4B861E33AD4D00404D66 /* Point+CoreDataProperties.swift */,
				8407D15F1E2D6F0B00749488 /* Point+MKAnnotation.swift */,
				84B82E171E33633D00EAFA7E /* Cache.swift */,
			);
			name = DataModels;
			sourceTree = "<group>";
		};
		84425F631E2B62AD0050AA6F = {
			isa = PBXGroup;
			children = (
				847360F31E31567D00D836E2 /* .gitignore */,
				84425F6E1E2B62AE0050AA6F /* WeatherFrogPro */,
				84425F8E1E2B64800050AA6F /* WeatherToday */,
				84425F8B1E2B64800050AA6F /* Frameworks */,
				84425F6D1E2B62AE0050AA6F /* Products */,
				B25F103949C9FECF13D4B320 /* Pods */,
			);
			sourceTree = "<group>";
		};
		84425F6D1E2B62AE0050AA6F /* Products */ = {
			isa = PBXGroup;
			children = (
				84425F6C1E2B62AE0050AA6F /* WeatherFrogPro.app */,
				84425F8A1E2B64800050AA6F /* WeatherToday.appex */,
			);
			name = Products;
			sourceTree = "<group>";
		};
		84425F6E1E2B62AE0050AA6F /* WeatherFrogPro */ = {
			isa = PBXGroup;
			children = (
				84425F6F1E2B62AE0050AA6F /* AppDelegate.swift */,
				84B82E151E3361A900EAFA7E /* DataManager.swift */,
				84425F781E2B62AE0050AA6F /* Main.storyboard */,
				84425F7B1E2B62AE0050AA6F /* Assets.xcassets */,
				84425F7D1E2B62AE0050AA6F /* LaunchScreen.storyboard */,
				84425F9E1E2B65FB0050AA6F /* WeatherFrogPro.entitlements */,
				84425F711E2B62AE0050AA6F /* WeatherFrogPro.xcdatamodeld */,
				84D4B4A91E2B84E200C8AE45 /* Info.plist */,
				84425F9C1E2B65EC0050AA6F /* Settings.bundle */,
				84425FA71E2B6A7D0050AA6F /* BaseControllers */,
				84425FAF1E2B6EEB0050AA6F /* Menu */,
				84425FB61E2B6FF90050AA6F /* Content */,
				8407D15E1E2D6E5F00749488 /* DataModels */,
			);
			path = WeatherFrogPro;
			sourceTree = "<group>";
		};
		84425F8B1E2B64800050AA6F /* Frameworks */ = {
			isa = PBXGroup;
			children = (
				84CF88011F76502D007FF555 /* CloudKit.framework */,
				84425FA11E2B663E0050AA6F /* MapKit.framework */,
				84425F8C1E2B64800050AA6F /* NotificationCenter.framework */,
				7E6F4C9CAAF21E1771EB7323 /* Pods_WeatherFrogPro.framework */,
				8771C638A4CE34A18B709E3E /* Pods_WeatherToday.framework */,
			);
			name = Frameworks;
			sourceTree = "<group>";
		};
		84425F8E1E2B64800050AA6F /* WeatherToday */ = {
			isa = PBXGroup;
			children = (
				84425FA31E2B667C0050AA6F /* WeatherToday.entitlements */,
				84425F8F1E2B64800050AA6F /* TodayViewController.swift */,
				84425F911E2B64800050AA6F /* MainInterface.storyboard */,
				84425F941E2B64800050AA6F /* Info.plist */,
			);
			path = WeatherToday;
			sourceTree = "<group>";
		};
		84425FA71E2B6A7D0050AA6F /* BaseControllers */ = {
			isa = PBXGroup;
			children = (
				84425FA51E2B6A730050AA6F /* SplitViewController.swift */,
				84425FAD1E2B6C730050AA6F /* NavigationController.swift */,
			);
			name = BaseControllers;
			sourceTree = "<group>";
		};
		84425FAF1E2B6EEB0050AA6F /* Menu */ = {
			isa = PBXGroup;
			children = (
				84425FB01E2B6F280050AA6F /* PlacemarksTableController.swift */,
				84425FB21E2B6FDA0050AA6F /* MapViewController.swift */,
				84D4B4AB1E2B9E2D00C8AE45 /* MapSearchTableController.swift */,
				84E48D721E2BD873000708D3 /* MapSearchCell.swift */,
				84425FB41E2B6FED0050AA6F /* SettingsViewController.swift */,
			);
			name = Menu;
			sourceTree = "<group>";
		};
		84425FB61E2B6FF90050AA6F /* Content */ = {
			isa = PBXGroup;
			children = (
				84425FB71E2B70300050AA6F /* WeatherCollectionController.swift */,
				84425FB91E2B705E0050AA6F /* ForecastViewController.swift */,
				84377E191E426ED000CA0925 /* ForecastCell.swift */,
				84377E1B1E426FFE00CA0925 /* WeatherView.swift */,
			);
			name = Content;
			sourceTree = "<group>";
		};
		B25F103949C9FECF13D4B320 /* Pods */ = {
			isa = PBXGroup;
			children = (
				68C2157C021C3A6D165AC47C /* Pods-WeatherFrogPro.debug.xcconfig */,
				650AB7D80AECD06D578C9BFF /* Pods-WeatherFrogPro.release.xcconfig */,
				8F990B95FC992820C753F078 /* Pods-WeatherToday.debug.xcconfig */,
				0D5067FB3540AB8AE31B79AB /* Pods-WeatherToday.release.xcconfig */,
			);
			name = Pods;
			sourceTree = "<group>";
		};
/* End PBXGroup section */

/* Begin PBXNativeTarget section */
		84425F6B1E2B62AD0050AA6F /* WeatherFrogPro */ = {
			isa = PBXNativeTarget;
			buildConfigurationList = 84425F831E2B62AE0050AA6F /* Build configuration list for PBXNativeTarget "WeatherFrogPro" */;
			buildPhases = (
				2889D63EFAA38ED846CF0F17 /* [CP] Check Pods Manifest.lock */,
				84425F681E2B62AD0050AA6F /* Sources */,
				84425F691E2B62AD0050AA6F /* Frameworks */,
				84425F6A1E2B62AD0050AA6F /* Resources */,
				84425F9B1E2B64800050AA6F /* Embed App Extensions */,
				3BA0DDB882E2557E5E085B62 /* [CP] Embed Pods Frameworks */,
				68CACFA9228B8D992252855E /* [CP] Copy Pods Resources */,
			);
			buildRules = (
			);
			dependencies = (
				84425F961E2B64800050AA6F /* PBXTargetDependency */,
			);
			name = WeatherFrogPro;
			productName = WeatherFrogPro;
			productReference = 84425F6C1E2B62AE0050AA6F /* WeatherFrogPro.app */;
			productType = "com.apple.product-type.application";
		};
		84425F891E2B64800050AA6F /* WeatherToday */ = {
			isa = PBXNativeTarget;
			buildConfigurationList = 84425F981E2B64800050AA6F /* Build configuration list for PBXNativeTarget "WeatherToday" */;
			buildPhases = (
				7095C3C4D48010F9A0E0CF0E /* [CP] Check Pods Manifest.lock */,
				84425F861E2B64800050AA6F /* Sources */,
				84425F871E2B64800050AA6F /* Frameworks */,
				84425F881E2B64800050AA6F /* Resources */,
				F43138FDE674C25A4F91857A /* [CP] Copy Pods Resources */,
			);
			buildRules = (
			);
			dependencies = (
			);
			name = WeatherToday;
			productName = WeatherToday;
			productReference = 84425F8A1E2B64800050AA6F /* WeatherToday.appex */;
			productType = "com.apple.product-type.app-extension";
		};
/* End PBXNativeTarget section */

/* Begin PBXProject section */
		84425F641E2B62AD0050AA6F /* Project object */ = {
			isa = PBXProject;
			attributes = {
				LastSwiftUpdateCheck = 0820;
				LastUpgradeCheck = 0900;
				ORGANIZATIONNAME = "Libor Kučera";
				TargetAttributes = {
					84425F6B1E2B62AD0050AA6F = {
						CreatedOnToolsVersion = 8.2.1;
						DevelopmentTeam = PH3V9JYRDW;
						ProvisioningStyle = Automatic;
						SystemCapabilities = {
							com.apple.ApplicationGroups.iOS = {
								enabled = 1;
							};
							com.apple.BackgroundModes = {
								enabled = 1;
							};
							com.apple.Keychain = {
								enabled = 1;
							};
							com.apple.Maps.iOS = {
								enabled = 1;
							};
							com.apple.Push = {
								enabled = 1;
							};
							com.apple.iCloud = {
								enabled = 1;
							};
						};
					};
					84425F891E2B64800050AA6F = {
						CreatedOnToolsVersion = 8.2.1;
						DevelopmentTeam = PH3V9JYRDW;
						ProvisioningStyle = Automatic;
						SystemCapabilities = {
							com.apple.ApplicationGroups.iOS = {
								enabled = 1;
							};
							com.apple.Keychain = {
								enabled = 1;
							};
							com.apple.Push = {
								enabled = 1;
							};
							com.apple.iCloud = {
								enabled = 1;
							};
						};
					};
				};
			};
			buildConfigurationList = 84425F671E2B62AD0050AA6F /* Build configuration list for PBXProject "WeatherFrogPro" */;
			compatibilityVersion = "Xcode 3.2";
			developmentRegion = English;
			hasScannedForEncodings = 0;
			knownRegions = (
				en,
				Base,
				cs,
			);
			mainGroup = 84425F631E2B62AD0050AA6F;
			productRefGroup = 84425F6D1E2B62AE0050AA6F /* Products */;
			projectDirPath = "";
			projectRoot = "";
			targets = (
				84425F6B1E2B62AD0050AA6F /* WeatherFrogPro */,
				84425F891E2B64800050AA6F /* WeatherToday */,
			);
		};
/* End PBXProject section */

/* Begin PBXResourcesBuildPhase section */
		84425F6A1E2B62AD0050AA6F /* Resources */ = {
			isa = PBXResourcesBuildPhase;
			buildActionMask = 2147483647;
			files = (
				847360F41E31567D00D836E2 /* .gitignore in Resources */,
				84425F9D1E2B65EC0050AA6F /* Settings.bundle in Resources */,
				84425F7F1E2B62AE0050AA6F /* LaunchScreen.storyboard in Resources */,
				84425F7C1E2B62AE0050AA6F /* Assets.xcassets in Resources */,
				84425F7A1E2B62AE0050AA6F /* Main.storyboard in Resources */,
			);
			runOnlyForDeploymentPostprocessing = 0;
		};
		84425F881E2B64800050AA6F /* Resources */ = {
			isa = PBXResourcesBuildPhase;
			buildActionMask = 2147483647;
			files = (
				84425F931E2B64800050AA6F /* MainInterface.storyboard in Resources */,
			);
			runOnlyForDeploymentPostprocessing = 0;
		};
/* End PBXResourcesBuildPhase section */

/* Begin PBXShellScriptBuildPhase section */
		2889D63EFAA38ED846CF0F17 /* [CP] Check Pods Manifest.lock */ = {
			isa = PBXShellScriptBuildPhase;
			buildActionMask = 2147483647;
			files = (
			);
			inputPaths = (
			);
			name = "[CP] Check Pods Manifest.lock";
			outputPaths = (
			);
			runOnlyForDeploymentPostprocessing = 0;
			shellPath = /bin/sh;
			shellScript = "diff \"${PODS_ROOT}/../Podfile.lock\" \"${PODS_ROOT}/Manifest.lock\" > /dev/null\nif [ $? != 0 ] ; then\n    # print error to STDERR\n    echo \"error: The sandbox is not in sync with the Podfile.lock. Run 'pod install' or update your CocoaPods installation.\" >&2\n    exit 1\nfi\n";
			showEnvVarsInLog = 0;
		};
		3BA0DDB882E2557E5E085B62 /* [CP] Embed Pods Frameworks */ = {
			isa = PBXShellScriptBuildPhase;
			buildActionMask = 2147483647;
			files = (
			);
			inputPaths = (
			);
			name = "[CP] Embed Pods Frameworks";
			outputPaths = (
			);
			runOnlyForDeploymentPostprocessing = 0;
			shellPath = /bin/sh;
			shellScript = "\"${SRCROOT}/Pods/Target Support Files/Pods-WeatherFrogPro/Pods-WeatherFrogPro-frameworks.sh\"\n";
			showEnvVarsInLog = 0;
		};
		68CACFA9228B8D992252855E /* [CP] Copy Pods Resources */ = {
			isa = PBXShellScriptBuildPhase;
			buildActionMask = 2147483647;
			files = (
			);
			inputPaths = (
			);
			name = "[CP] Copy Pods Resources";
			outputPaths = (
			);
			runOnlyForDeploymentPostprocessing = 0;
			shellPath = /bin/sh;
			shellScript = "\"${SRCROOT}/Pods/Target Support Files/Pods-WeatherFrogPro/Pods-WeatherFrogPro-resources.sh\"\n";
			showEnvVarsInLog = 0;
		};
		7095C3C4D48010F9A0E0CF0E /* [CP] Check Pods Manifest.lock */ = {
			isa = PBXShellScriptBuildPhase;
			buildActionMask = 2147483647;
			files = (
			);
			inputPaths = (
			);
			name = "[CP] Check Pods Manifest.lock";
			outputPaths = (
			);
			runOnlyForDeploymentPostprocessing = 0;
			shellPath = /bin/sh;
			shellScript = "diff \"${PODS_ROOT}/../Podfile.lock\" \"${PODS_ROOT}/Manifest.lock\" > /dev/null\nif [ $? != 0 ] ; then\n    # print error to STDERR\n    echo \"error: The sandbox is not in sync with the Podfile.lock. Run 'pod install' or update your CocoaPods installation.\" >&2\n    exit 1\nfi\n";
			showEnvVarsInLog = 0;
		};
		F43138FDE674C25A4F91857A /* [CP] Copy Pods Resources */ = {
			isa = PBXShellScriptBuildPhase;
			buildActionMask = 2147483647;
			files = (
			);
			inputPaths = (
			);
			name = "[CP] Copy Pods Resources";
			outputPaths = (
			);
			runOnlyForDeploymentPostprocessing = 0;
			shellPath = /bin/sh;
			shellScript = "\"${SRCROOT}/Pods/Target Support Files/Pods-WeatherToday/Pods-WeatherToday-resources.sh\"\n";
			showEnvVarsInLog = 0;
		};
/* End PBXShellScriptBuildPhase section */

/* Begin PBXSourcesBuildPhase section */
		84425F681E2B62AD0050AA6F /* Sources */ = {
			isa = PBXSourcesBuildPhase;
			buildActionMask = 2147483647;
			files = (
				84B82E161E3361A900EAFA7E /* DataManager.swift in Sources */,
				84425FA61E2B6A730050AA6F /* SplitViewController.swift in Sources */,
				844C4B871E33AD4D00404D66 /* Point+CoreDataClass.swift in Sources */,
				84425FAE1E2B6C730050AA6F /* NavigationController.swift in Sources */,
				84425FB81E2B70300050AA6F /* WeatherCollectionController.swift in Sources */,
				844C4B881E33AD4D00404D66 /* Point+CoreDataProperties.swift in Sources */,
				84425F731E2B62AE0050AA6F /* WeatherFrogPro.xcdatamodeld in Sources */,
				84425F701E2B62AE0050AA6F /* AppDelegate.swift in Sources */,
				84D4B4AC1E2B9E2D00C8AE45 /* MapSearchTableController.swift in Sources */,
				84E48D741E2BD873000708D3 /* MapSearchCell.swift in Sources */,
				84B82E181E33633D00EAFA7E /* Cache.swift in Sources */,
				84425FB11E2B6F280050AA6F /* PlacemarksTableController.swift in Sources */,
				84425FB31E2B6FDA0050AA6F /* MapViewController.swift in Sources */,
				84425FB51E2B6FED0050AA6F /* SettingsViewController.swift in Sources */,
				84425FBA1E2B705E0050AA6F /* ForecastViewController.swift in Sources */,
				84377E1C1E426FFE00CA0925 /* WeatherView.swift in Sources */,
				8407D1601E2D6F0B00749488 /* Point+MKAnnotation.swift in Sources */,
				84377E1A1E426ED000CA0925 /* ForecastCell.swift in Sources */,
			);
			runOnlyForDeploymentPostprocessing = 0;
		};
		84425F861E2B64800050AA6F /* Sources */ = {
			isa = PBXSourcesBuildPhase;
			buildActionMask = 2147483647;
			files = (
				84425F901E2B64800050AA6F /* TodayViewController.swift in Sources */,
			);
			runOnlyForDeploymentPostprocessing = 0;
		};
/* End PBXSourcesBuildPhase section */

/* Begin PBXTargetDependency section */
		84425F961E2B64800050AA6F /* PBXTargetDependency */ = {
			isa = PBXTargetDependency;
			target = 84425F891E2B64800050AA6F /* WeatherToday */;
			targetProxy = 84425F951E2B64800050AA6F /* PBXContainerItemProxy */;
		};
/* End PBXTargetDependency section */

/* Begin PBXVariantGroup section */
		84425F781E2B62AE0050AA6F /* Main.storyboard */ = {
			isa = PBXVariantGroup;
			children = (
				84425F791E2B62AE0050AA6F /* Base */,
				84607D851E2B82D3001BC9B0 /* cs */,
				84607D891E2B82FF001BC9B0 /* en */,
			);
			name = Main.storyboard;
			sourceTree = "<group>";
		};
		84425F7D1E2B62AE0050AA6F /* LaunchScreen.storyboard */ = {
			isa = PBXVariantGroup;
			children = (
				84425F7E1E2B62AE0050AA6F /* Base */,
				84607D861E2B82D3001BC9B0 /* cs */,
				84607D8B1E2B830B001BC9B0 /* en */,
			);
			name = LaunchScreen.storyboard;
			sourceTree = "<group>";
		};
		84425F911E2B64800050AA6F /* MainInterface.storyboard */ = {
			isa = PBXVariantGroup;
			children = (
				84425F921E2B64800050AA6F /* Base */,
				84607D871E2B82D3001BC9B0 /* cs */,
				84607D8D1E2B8324001BC9B0 /* en */,
			);
			name = MainInterface.storyboard;
			sourceTree = "<group>";
		};
/* End PBXVariantGroup section */

/* Begin XCBuildConfiguration section */
		84425F811E2B62AE0050AA6F /* Debug */ = {
			isa = XCBuildConfiguration;
			buildSettings = {
				ALWAYS_SEARCH_USER_PATHS = NO;
				CLANG_ANALYZER_LOCALIZABILITY_NONLOCALIZED = YES;
				CLANG_ANALYZER_NONNULL = YES;
				CLANG_CXX_LANGUAGE_STANDARD = "gnu++0x";
				CLANG_CXX_LIBRARY = "libc++";
				CLANG_ENABLE_MODULES = YES;
				CLANG_ENABLE_OBJC_ARC = YES;
				CLANG_WARN_BLOCK_CAPTURE_AUTORELEASING = YES;
				CLANG_WARN_BOOL_CONVERSION = YES;
				CLANG_WARN_COMMA = YES;
				CLANG_WARN_CONSTANT_CONVERSION = YES;
				CLANG_WARN_DIRECT_OBJC_ISA_USAGE = YES_ERROR;
				CLANG_WARN_DOCUMENTATION_COMMENTS = YES;
				CLANG_WARN_EMPTY_BODY = YES;
				CLANG_WARN_ENUM_CONVERSION = YES;
				CLANG_WARN_INFINITE_RECURSION = YES;
				CLANG_WARN_INT_CONVERSION = YES;
				CLANG_WARN_NON_LITERAL_NULL_CONVERSION = YES;
				CLANG_WARN_OBJC_LITERAL_CONVERSION = YES;
				CLANG_WARN_OBJC_ROOT_CLASS = YES_ERROR;
				CLANG_WARN_RANGE_LOOP_ANALYSIS = YES;
				CLANG_WARN_STRICT_PROTOTYPES = YES;
				CLANG_WARN_SUSPICIOUS_MOVE = YES;
				CLANG_WARN_UNREACHABLE_CODE = YES;
				CLANG_WARN__DUPLICATE_METHOD_MATCH = YES;
				"CODE_SIGN_IDENTITY[sdk=iphoneos*]" = "iPhone Developer";
				COPY_PHASE_STRIP = NO;
				DEBUG_INFORMATION_FORMAT = dwarf;
				ENABLE_STRICT_OBJC_MSGSEND = YES;
				ENABLE_TESTABILITY = YES;
				GCC_C_LANGUAGE_STANDARD = gnu99;
				GCC_DYNAMIC_NO_PIC = NO;
				GCC_NO_COMMON_BLOCKS = YES;
				GCC_OPTIMIZATION_LEVEL = 0;
				GCC_PREPROCESSOR_DEFINITIONS = (
					"DEBUG=1",
					"$(inherited)",
				);
				GCC_WARN_64_TO_32_BIT_CONVERSION = YES;
				GCC_WARN_ABOUT_RETURN_TYPE = YES_ERROR;
				GCC_WARN_UNDECLARED_SELECTOR = YES;
				GCC_WARN_UNINITIALIZED_AUTOS = YES_AGGRESSIVE;
				GCC_WARN_UNUSED_FUNCTION = YES;
				GCC_WARN_UNUSED_VARIABLE = YES;
				IPHONEOS_DEPLOYMENT_TARGET = 10.3;
				MTL_ENABLE_DEBUG_INFO = YES;
				ONLY_ACTIVE_ARCH = YES;
				SDKROOT = iphoneos;
				SWIFT_ACTIVE_COMPILATION_CONDITIONS = DEBUG;
				SWIFT_OPTIMIZATION_LEVEL = "-Onone";
				TARGETED_DEVICE_FAMILY = "1,2";
			};
			name = Debug;
		};
		84425F821E2B62AE0050AA6F /* Release */ = {
			isa = XCBuildConfiguration;
			buildSettings = {
				ALWAYS_SEARCH_USER_PATHS = NO;
				CLANG_ANALYZER_LOCALIZABILITY_NONLOCALIZED = YES;
				CLANG_ANALYZER_NONNULL = YES;
				CLANG_CXX_LANGUAGE_STANDARD = "gnu++0x";
				CLANG_CXX_LIBRARY = "libc++";
				CLANG_ENABLE_MODULES = YES;
				CLANG_ENABLE_OBJC_ARC = YES;
				CLANG_WARN_BLOCK_CAPTURE_AUTORELEASING = YES;
				CLANG_WARN_BOOL_CONVERSION = YES;
				CLANG_WARN_COMMA = YES;
				CLANG_WARN_CONSTANT_CONVERSION = YES;
				CLANG_WARN_DIRECT_OBJC_ISA_USAGE = YES_ERROR;
				CLANG_WARN_DOCUMENTATION_COMMENTS = YES;
				CLANG_WARN_EMPTY_BODY = YES;
				CLANG_WARN_ENUM_CONVERSION = YES;
				CLANG_WARN_INFINITE_RECURSION = YES;
				CLANG_WARN_INT_CONVERSION = YES;
				CLANG_WARN_NON_LITERAL_NULL_CONVERSION = YES;
				CLANG_WARN_OBJC_LITERAL_CONVERSION = YES;
				CLANG_WARN_OBJC_ROOT_CLASS = YES_ERROR;
				CLANG_WARN_RANGE_LOOP_ANALYSIS = YES;
				CLANG_WARN_STRICT_PROTOTYPES = YES;
				CLANG_WARN_SUSPICIOUS_MOVE = YES;
				CLANG_WARN_UNREACHABLE_CODE = YES;
				CLANG_WARN__DUPLICATE_METHOD_MATCH = YES;
				"CODE_SIGN_IDENTITY[sdk=iphoneos*]" = "iPhone Developer";
				COPY_PHASE_STRIP = NO;
				DEBUG_INFORMATION_FORMAT = "dwarf-with-dsym";
				ENABLE_NS_ASSERTIONS = NO;
				ENABLE_STRICT_OBJC_MSGSEND = YES;
				GCC_C_LANGUAGE_STANDARD = gnu99;
				GCC_NO_COMMON_BLOCKS = YES;
				GCC_WARN_64_TO_32_BIT_CONVERSION = YES;
				GCC_WARN_ABOUT_RETURN_TYPE = YES_ERROR;
				GCC_WARN_UNDECLARED_SELECTOR = YES;
				GCC_WARN_UNINITIALIZED_AUTOS = YES_AGGRESSIVE;
				GCC_WARN_UNUSED_FUNCTION = YES;
				GCC_WARN_UNUSED_VARIABLE = YES;
				IPHONEOS_DEPLOYMENT_TARGET = 10.3;
				MTL_ENABLE_DEBUG_INFO = NO;
				SDKROOT = iphoneos;
				SWIFT_OPTIMIZATION_LEVEL = "-Owholemodule";
				TARGETED_DEVICE_FAMILY = "1,2";
				VALIDATE_PRODUCT = YES;
			};
			name = Release;
		};
		84425F841E2B62AE0050AA6F /* Debug */ = {
			isa = XCBuildConfiguration;
			baseConfigurationReference = 68C2157C021C3A6D165AC47C /* Pods-WeatherFrogPro.debug.xcconfig */;
			buildSettings = {
				ALWAYS_EMBED_SWIFT_STANDARD_LIBRARIES = YES;
				ASSETCATALOG_COMPILER_APPICON_NAME = AppIcon;
				CODE_SIGN_ENTITLEMENTS = WeatherFrogPro/WeatherFrogPro.entitlements;
				DEVELOPMENT_TEAM = PH3V9JYRDW;
				INFOPLIST_FILE = WeatherFrogPro/Info.plist;
				IPHONEOS_DEPLOYMENT_TARGET = 10.0;
				LD_RUNPATH_SEARCH_PATHS = "$(inherited) @executable_path/Frameworks";
				PRODUCT_BUNDLE_IDENTIFIER = "com.ic-servis.WeatherFrogPro";
				PRODUCT_NAME = "$(TARGET_NAME)";
				SWIFT_VERSION = 3.0;
			};
			name = Debug;
		};
		84425F851E2B62AE0050AA6F /* Release */ = {
			isa = XCBuildConfiguration;
			baseConfigurationReference = 650AB7D80AECD06D578C9BFF /* Pods-WeatherFrogPro.release.xcconfig */;
			buildSettings = {
				ALWAYS_EMBED_SWIFT_STANDARD_LIBRARIES = YES;
				ASSETCATALOG_COMPILER_APPICON_NAME = AppIcon;
				CODE_SIGN_ENTITLEMENTS = WeatherFrogPro/WeatherFrogPro.entitlements;
				DEVELOPMENT_TEAM = PH3V9JYRDW;
				INFOPLIST_FILE = WeatherFrogPro/Info.plist;
				IPHONEOS_DEPLOYMENT_TARGET = 10.0;
				LD_RUNPATH_SEARCH_PATHS = "$(inherited) @executable_path/Frameworks";
				PRODUCT_BUNDLE_IDENTIFIER = "com.ic-servis.WeatherFrogPro";
				PRODUCT_NAME = "$(TARGET_NAME)";
				SWIFT_VERSION = 3.0;
			};
			name = Release;
		};
		84425F991E2B64800050AA6F /* Debug */ = {
			isa = XCBuildConfiguration;
			baseConfigurationReference = 8F990B95FC992820C753F078 /* Pods-WeatherToday.debug.xcconfig */;
			buildSettings = {
				CODE_SIGN_ENTITLEMENTS = WeatherToday/WeatherToday.entitlements;
				DEVELOPMENT_TEAM = PH3V9JYRDW;
				INFOPLIST_FILE = WeatherToday/Info.plist;
				IPHONEOS_DEPLOYMENT_TARGET = 10.0;
				LD_RUNPATH_SEARCH_PATHS = "$(inherited) @executable_path/Frameworks @executable_path/../../Frameworks";
				PRODUCT_BUNDLE_IDENTIFIER = "com.ic-servis.WeatherFrogPro.WeatherToday";
				PRODUCT_NAME = "$(TARGET_NAME)";
				SKIP_INSTALL = YES;
				SWIFT_VERSION = 3.0;
			};
			name = Debug;
		};
		84425F9A1E2B64800050AA6F /* Release */ = {
			isa = XCBuildConfiguration;
			baseConfigurationReference = 0D5067FB3540AB8AE31B79AB /* Pods-WeatherToday.release.xcconfig */;
			buildSettings = {
				CODE_SIGN_ENTITLEMENTS = WeatherToday/WeatherToday.entitlements;
				DEVELOPMENT_TEAM = PH3V9JYRDW;
				INFOPLIST_FILE = WeatherToday/Info.plist;
				IPHONEOS_DEPLOYMENT_TARGET = 10.0;
				LD_RUNPATH_SEARCH_PATHS = "$(inherited) @executable_path/Frameworks @executable_path/../../Frameworks";
				PRODUCT_BUNDLE_IDENTIFIER = "com.ic-servis.WeatherFrogPro.WeatherToday";
				PRODUCT_NAME = "$(TARGET_NAME)";
				SKIP_INSTALL = YES;
				SWIFT_VERSION = 3.0;
			};
			name = Release;
		};
		84CF87FE1F764FF0007FF555 /* AdHoc */ = {
			isa = XCBuildConfiguration;
			buildSettings = {
				ALWAYS_SEARCH_USER_PATHS = NO;
				CLANG_ANALYZER_LOCALIZABILITY_NONLOCALIZED = YES;
				CLANG_ANALYZER_NONNULL = YES;
				CLANG_CXX_LANGUAGE_STANDARD = "gnu++0x";
				CLANG_CXX_LIBRARY = "libc++";
				CLANG_ENABLE_MODULES = YES;
				CLANG_ENABLE_OBJC_ARC = YES;
				CLANG_WARN_BLOCK_CAPTURE_AUTORELEASING = YES;
				CLANG_WARN_BOOL_CONVERSION = YES;
				CLANG_WARN_COMMA = YES;
				CLANG_WARN_CONSTANT_CONVERSION = YES;
				CLANG_WARN_DIRECT_OBJC_ISA_USAGE = YES_ERROR;
				CLANG_WARN_DOCUMENTATION_COMMENTS = YES;
				CLANG_WARN_EMPTY_BODY = YES;
				CLANG_WARN_ENUM_CONVERSION = YES;
				CLANG_WARN_INFINITE_RECURSION = YES;
				CLANG_WARN_INT_CONVERSION = YES;
				CLANG_WARN_NON_LITERAL_NULL_CONVERSION = YES;
				CLANG_WARN_OBJC_LITERAL_CONVERSION = YES;
				CLANG_WARN_OBJC_ROOT_CLASS = YES_ERROR;
				CLANG_WARN_RANGE_LOOP_ANALYSIS = YES;
				CLANG_WARN_STRICT_PROTOTYPES = YES;
				CLANG_WARN_SUSPICIOUS_MOVE = YES;
				CLANG_WARN_UNREACHABLE_CODE = YES;
				CLANG_WARN__DUPLICATE_METHOD_MATCH = YES;
				"CODE_SIGN_IDENTITY[sdk=iphoneos*]" = "iPhone Developer";
				COPY_PHASE_STRIP = NO;
				DEBUG_INFORMATION_FORMAT = "dwarf-with-dsym";
				ENABLE_NS_ASSERTIONS = NO;
				ENABLE_STRICT_OBJC_MSGSEND = YES;
				GCC_C_LANGUAGE_STANDARD = gnu99;
				GCC_NO_COMMON_BLOCKS = YES;
				GCC_WARN_64_TO_32_BIT_CONVERSION = YES;
				GCC_WARN_ABOUT_RETURN_TYPE = YES_ERROR;
				GCC_WARN_UNDECLARED_SELECTOR = YES;
				GCC_WARN_UNINITIALIZED_AUTOS = YES_AGGRESSIVE;
				GCC_WARN_UNUSED_FUNCTION = YES;
				GCC_WARN_UNUSED_VARIABLE = YES;
				IPHONEOS_DEPLOYMENT_TARGET = 10.3;
				MTL_ENABLE_DEBUG_INFO = NO;
				SDKROOT = iphoneos;
				SWIFT_OPTIMIZATION_LEVEL = "-Owholemodule";
				TARGETED_DEVICE_FAMILY = "1,2";
				VALIDATE_PRODUCT = YES;
			};
			name = AdHoc;
		};
		84CF87FF1F764FF0007FF555 /* AdHoc */ = {
			isa = XCBuildConfiguration;
			baseConfigurationReference = 650AB7D80AECD06D578C9BFF /* Pods-WeatherFrogPro.release.xcconfig */;
			buildSettings = {
				ALWAYS_EMBED_SWIFT_STANDARD_LIBRARIES = YES;
				ASSETCATALOG_COMPILER_APPICON_NAME = AppIcon;
				CODE_SIGN_ENTITLEMENTS = WeatherFrogPro/WeatherFrogPro.entitlements;
				DEVELOPMENT_TEAM = PH3V9JYRDW;
				INFOPLIST_FILE = WeatherFrogPro/Info.plist;
				IPHONEOS_DEPLOYMENT_TARGET = 10.0;
				LD_RUNPATH_SEARCH_PATHS = "$(inherited) @executable_path/Frameworks";
				PRODUCT_BUNDLE_IDENTIFIER = "com.ic-servis.WeatherFrogPro";
				PRODUCT_NAME = "$(TARGET_NAME)";
				SWIFT_VERSION = 3.0;
			};
			name = AdHoc;
		};
		84CF88001F764FF0007FF555 /* AdHoc */ = {
			isa = XCBuildConfiguration;
			baseConfigurationReference = 0D5067FB3540AB8AE31B79AB /* Pods-WeatherToday.release.xcconfig */;
			buildSettings = {
				CODE_SIGN_ENTITLEMENTS = WeatherToday/WeatherToday.entitlements;
				DEVELOPMENT_TEAM = PH3V9JYRDW;
				INFOPLIST_FILE = WeatherToday/Info.plist;
				IPHONEOS_DEPLOYMENT_TARGET = 10.0;
				LD_RUNPATH_SEARCH_PATHS = "$(inherited) @executable_path/Frameworks @executable_path/../../Frameworks";
				PRODUCT_BUNDLE_IDENTIFIER = "com.ic-servis.WeatherFrogPro.WeatherToday";
				PRODUCT_NAME = "$(TARGET_NAME)";
				SKIP_INSTALL = YES;
				SWIFT_VERSION = 3.0;
			};
			name = AdHoc;
		};
/* End XCBuildConfiguration section */

/* Begin XCConfigurationList section */
		84425F671E2B62AD0050AA6F /* Build configuration list for PBXProject "WeatherFrogPro" */ = {
			isa = XCConfigurationList;
			buildConfigurations = (
				84425F811E2B62AE0050AA6F /* Debug */,
				84425F821E2B62AE0050AA6F /* Release */,
				84CF87FE1F764FF0007FF555 /* AdHoc */,
			);
			defaultConfigurationIsVisible = 0;
			defaultConfigurationName = Release;
		};
		84425F831E2B62AE0050AA6F /* Build configuration list for PBXNativeTarget "WeatherFrogPro" */ = {
			isa = XCConfigurationList;
			buildConfigurations = (
				84425F841E2B62AE0050AA6F /* Debug */,
				84425F851E2B62AE0050AA6F /* Release */,
				84CF87FF1F764FF0007FF555 /* AdHoc */,
			);
			defaultConfigurationIsVisible = 0;
			defaultConfigurationName = Release;
		};
		84425F981E2B64800050AA6F /* Build configuration list for PBXNativeTarget "WeatherToday" */ = {
			isa = XCConfigurationList;
			buildConfigurations = (
				84425F991E2B64800050AA6F /* Debug */,
				84425F9A1E2B64800050AA6F /* Release */,
				84CF88001F764FF0007FF555 /* AdHoc */,
			);
			defaultConfigurationIsVisible = 0;
			defaultConfigurationName = Release;
		};
/* End XCConfigurationList section */

/* Begin XCVersionGroup section */
		84425F711E2B62AE0050AA6F /* WeatherFrogPro.xcdatamodeld */ = {
			isa = XCVersionGroup;
			children = (
				84734F901E2E3C6000C6291A /* WeatherFrogPro 2.xcdatamodel */,
				84425F721E2B62AE0050AA6F /* WeatherFrogPro.xcdatamodel */,
			);
			currentVersion = 84734F901E2E3C6000C6291A /* WeatherFrogPro 2.xcdatamodel */;
			path = WeatherFrogPro.xcdatamodeld;
			sourceTree = "<group>";
			versionGroupType = wrapper.xcdatamodel;
		};
/* End XCVersionGroup section */
	};
	rootObject = 84425F641E2B62AD0050AA6F /* Project object */;
}
